
Microsoft Visual Studio Solution File, Format Version 12.00
# Visual Studio Version 17
VisualStudioVersion = 17.7.34018.315
MinimumVisualStudioVersion = 10.0.40219.1
Project("{8BC9CEB8-8B4A-11D0-8D11-00A0C91BC942}") = "keylogger_tcp_client", "keylogger_tcp_client\keylogger_tcp_client.vcxproj", "{91E48F35-0548-49C5-A66C-A786FE016058}"
EndProject
Global
	GlobalSection(SolutionConfigurationPlatforms) = preSolution
		Debug|x64 = Debug|x64
		Debug|x86 = Debug|x86
		Release|x64 = Release|x64
		Release|x86 = Release|x86
	EndGlobalSection
	GlobalSection(ProjectConfigurationPlatforms) = postSolution
		{91E48F35-0548-49C5-A66C-A786FE016058}.Debug|x64.ActiveCfg = Debug|x64
		{91E48F35-0548-49C5-A66C-A786FE016058}.Debug|x64.Build.0 = Debug|x64
		{91E48F35-0548-49C5-A66C-A786FE016058}.Debug|x86.ActiveCfg = Debug|Win32
		{91E48F35-0548-49C5-A66C-A786FE016058}.Debug|x86.Build.0 = Debug|Win32
		{91E48F35-0548-49C5-A66C-A786FE016058}.Release|x64.ActiveCfg = Release|x64
		{91E48F35-0548-49C5-A66C-A786FE016058}.Release|x64.Build.0 = Release|x64
		{91E48F35-0548-49C5-A66C-A786FE016058}.Release|x86.ActiveCfg = Release|Win32
		{91E48F35-0548-49C5-A66C-A786FE016058}.Release|x86.Build.0 = Release|Win32
	EndGlobalSection
	GlobalSection(SolutionProperties) = preSolution
		HideSolutionNode = FALSE
	EndGlobalSection
	GlobalSection(ExtensibilityGlobals) = postSolution
		SolutionGuid = {E6126CD4-6595-43A5-A20A-8E1B9116075C}
	EndGlobalSection
EndGlobal
